
Microsoft Visual Studio Solution File, Format Version 12.00
# Visual Studio Version 17
VisualStudioVersion = 17.0.31903.59
MinimumVisualStudioVersion = 10.0.40219.1
Project("{2150E333-8FDC-42A3-9474-1A3956D46DE8}") = "src", "src", "{827E0CD3-B72D-47B6-A68D-7590B98EB39B}"
EndProject
Project("{FAE04EC0-301F-11D3-BF4B-00C04F79EFBC}") = "IZombiePlagueLegacyAPI", "src\IZombiePlagueLegacyAPI\IZombiePlagueLegacyAPI.csproj", "{330D0A7D-948A-4FBF-BE9B-2F838B66AF29}"
EndProject
Project("{FAE04EC0-301F-11D3-BF4B-00C04F79EFBC}") = "ZombiePlagueLegacyCS2", "src\ZombiePlagueLegacyCS2\ZombiePlagueLegacyCS2.csproj", "{F9930482-AA01-429F-B27F-DB434D02066D}"
EndProject
Project("{2150E333-8FDC-42A3-9474-1A3956D46DE8}") = "zpl_darkfog", "zpl_darkfog", "{F4510167-09C0-6A14-BAB6-83A1F4438467}"
EndProject
Project("{FAE04EC0-301F-11D3-BF4B-00C04F79EFBC}") = "ZPLDarkFog", "src\zpl_darkfog\ZPLDarkFog.csproj", "{78EB9446-33F8-412A-8B85-16419494F0C9}"
EndProject
Project("{2150E333-8FDC-42A3-9474-1A3956D46DE8}") = "zpl_flashlight", "zpl_flashlight", "{9CABB13A-3D4A-CC9B-EDBA-B19DD981B9C7}"
EndProject
Project("{FAE04EC0-301F-11D3-BF4B-00C04F79EFBC}") = "ZPLFlashlight", "src\zpl_flashlight\ZPLFlashlight.csproj", "{9F8E262A-20DE-4F62-8BDD-302C7E197F6B}"
EndProject
Project("{2150E333-8FDC-42A3-9474-1A3956D46DE8}") = "zpl_megaevents", "zpl_megaevents", "{98FD9FAF-126C-9D11-5206-A1B7AB514640}"
EndProject
Project("{FAE04EC0-301F-11D3-BF4B-00C04F79EFBC}") = "ZPLMegaEvents", "src\zpl_megaevents\ZPLMegaEvents.csproj", "{0AAE06F7-040A-44CE-B12C-C5408E969122}"
EndProject
Project("{2150E333-8FDC-42A3-9474-1A3956D46DE8}") = "zpl_rank", "zpl_rank", "{E0F4967E-666C-1783-2042-B8C14EA8CE08}"
EndProject
Project("{FAE04EC0-301F-11D3-BF4B-00C04F79EFBC}") = "ZPLRank", "src\zpl_rank\ZPLRank.csproj", "{40B9D0F6-5023-4BA8-9616-187C995788FC}"
EndProject
Project("{2150E333-8FDC-42A3-9474-1A3956D46DE8}") = "zpl_tags", "zpl_tags", "{D1181D1F-BE12-034A-7049-38A796D5768F}"
EndProject
Project("{FAE04EC0-301F-11D3-BF4B-00C04F79EFBC}") = "ZPLTags", "src\zpl_tags\ZPLTags.csproj", "{8C2F3027-47AD-44FB-92B9-73A21B3EDC34}"
EndProject
Project("{2150E333-8FDC-42A3-9474-1A3956D46DE8}") = "zpl_teambets", "zpl_teambets", "{43D4C37B-8036-46BA-B096-F68AC478CB8C}"
EndProject
Project("{FAE04EC0-301F-11D3-BF4B-00C04F79EFBC}") = "ZPLTeamBets", "src\zpl_teambets\ZPLTeamBets.csproj", "{1C80056C-0AEF-425A-A5D8-7E4CFD11346E}"
EndProject
Project("{2150E333-8FDC-42A3-9474-1A3956D46DE8}") = "zpl_vip", "zpl_vip", "{639DA9F0-6F86-0574-15EA-4AD4E2EE98D0}"
EndProject
Project("{FAE04EC0-301F-11D3-BF4B-00C04F79EFBC}") = "ZPLVIP", "src\zpl_vip\ZPLVIP.csproj", "{04DCA01C-B920-4448-AF19-1BF670F498E8}"
EndProject
Project("{2150E333-8FDC-42A3-9474-1A3956D46DE8}") = "messagepulse", "messagepulse", "{82DBABB3-C844-9C24-A40C-BF05893C3331}"
EndProject
Project("{FAE04EC0-301F-11D3-BF4B-00C04F79EFBC}") = "Plugin", "src\messagepulse\Plugin.csproj", "{F6799DEC-048F-4481-9342-5A5B3D574511}"
EndProject
Global
	GlobalSection(SolutionConfigurationPlatforms) = preSolution
		Debug|Any CPU = Debug|Any CPU
		Debug|x64 = Debug|x64
		Debug|x86 = Debug|x86
		Release|Any CPU = Release|Any CPU
		Release|x64 = Release|x64
		Release|x86 = Release|x86
	EndGlobalSection
	GlobalSection(ProjectConfigurationPlatforms) = postSolution
		{330D0A7D-948A-4FBF-BE9B-2F838B66AF29}.Debug|Any CPU.ActiveCfg = Debug|Any CPU
		{330D0A7D-948A-4FBF-BE9B-2F838B66AF29}.Debug|Any CPU.Build.0 = Debug|Any CPU
		{330D0A7D-948A-4FBF-BE9B-2F838B66AF29}.Debug|x64.ActiveCfg = Debug|Any CPU
		{330D0A7D-948A-4FBF-BE9B-2F838B66AF29}.Debug|x64.Build.0 = Debug|Any CPU
		{330D0A7D-948A-4FBF-BE9B-2F838B66AF29}.Debug|x86.ActiveCfg = Debug|Any CPU
		{330D0A7D-948A-4FBF-BE9B-2F838B66AF29}.Debug|x86.Build.0 = Debug|Any CPU
		{330D0A7D-948A-4FBF-BE9B-2F838B66AF29}.Release|Any CPU.ActiveCfg = Release|Any CPU
		{330D0A7D-948A-4FBF-BE9B-2F838B66AF29}.Release|Any CPU.Build.0 = Release|Any CPU
		{330D0A7D-948A-4FBF-BE9B-2F838B66AF29}.Release|x64.ActiveCfg = Release|Any CPU
		{330D0A7D-948A-4FBF-BE9B-2F838B66AF29}.Release|x64.Build.0 = Release|Any CPU
		{330D0A7D-948A-4FBF-BE9B-2F838B66AF29}.Release|x86.ActiveCfg = Release|Any CPU
		{330D0A7D-948A-4FBF-BE9B-2F838B66AF29}.Release|x86.Build.0 = Release|Any CPU
		{F9930482-AA01-429F-B27F-DB434D02066D}.Debug|Any CPU.ActiveCfg = Debug|Any CPU
		{F9930482-AA01-429F-B27F-DB434D02066D}.Debug|Any CPU.Build.0 = Debug|Any CPU
		{F9930482-AA01-429F-B27F-DB434D02066D}.Debug|x64.ActiveCfg = Debug|Any CPU
		{F9930482-AA01-429F-B27F-DB434D02066D}.Debug|x64.Build.0 = Debug|Any CPU
		{F9930482-AA01-429F-B27F-DB434D02066D}.Debug|x86.ActiveCfg = Debug|Any CPU
		{F9930482-AA01-429F-B27F-DB434D02066D}.Debug|x86.Build.0 = Debug|Any CPU
		{F9930482-AA01-429F-B27F-DB434D02066D}.Release|Any CPU.ActiveCfg = Release|Any CPU
		{F9930482-AA01-429F-B27F-DB434D02066D}.Release|Any CPU.Build.0 = Release|Any CPU
		{F9930482-AA01-429F-B27F-DB434D02066D}.Release|x64.ActiveCfg = Release|Any CPU
		{F9930482-AA01-429F-B27F-DB434D02066D}.Release|x64.Build.0 = Release|Any CPU
		{F9930482-AA01-429F-B27F-DB434D02066D}.Release|x86.ActiveCfg = Release|Any CPU
		{F9930482-AA01-429F-B27F-DB434D02066D}.Release|x86.Build.0 = Release|Any CPU
		{78EB9446-33F8-412A-8B85-16419494F0C9}.Debug|Any CPU.ActiveCfg = Debug|Any CPU
		{78EB9446-33F8-412A-8B85-16419494F0C9}.Debug|Any CPU.Build.0 = Debug|Any CPU
		{78EB9446-33F8-412A-8B85-16419494F0C9}.Debug|x64.ActiveCfg = Debug|Any CPU
		{78EB9446-33F8-412A-8B85-16419494F0C9}.Debug|x64.Build.0 = Debug|Any CPU
		{78EB9446-33F8-412A-8B85-16419494F0C9}.Debug|x86.ActiveCfg = Debug|Any CPU
		{78EB9446-33F8-412A-8B85-16419494F0C9}.Debug|x86.Build.0 = Debug|Any CPU
		{78EB9446-33F8-412A-8B85-16419494F0C9}.Release|Any CPU.ActiveCfg = Release|Any CPU
		{78EB9446-33F8-412A-8B85-16419494F0C9}.Release|Any CPU.Build.0 = Release|Any CPU
		{78EB9446-33F8-412A-8B85-16419494F0C9}.Release|x64.ActiveCfg = Release|Any CPU
		{78EB9446-33F8-412A-8B85-16419494F0C9}.Release|x64.Build.0 = Release|Any CPU
		{78EB9446-33F8-412A-8B85-16419494F0C9}.Release|x86.ActiveCfg = Release|Any CPU
		{78EB9446-33F8-412A-8B85-16419494F0C9}.Release|x86.Build.0 = Release|Any CPU
		{9F8E262A-20DE-4F62-8BDD-302C7E197F6B}.Debug|Any CPU.ActiveCfg = Debug|Any CPU
		{9F8E262A-20DE-4F62-8BDD-302C7E197F6B}.Debug|Any CPU.Build.0 = Debug|Any CPU
		{9F8E262A-20DE-4F62-8BDD-302C7E197F6B}.Debug|x64.ActiveCfg = Debug|Any CPU
		{9F8E262A-20DE-4F62-8BDD-302C7E197F6B}.Debug|x64.Build.0 = Debug|Any CPU
		{9F8E262A-20DE-4F62-8BDD-302C7E197F6B}.Debug|x86.ActiveCfg = Debug|Any CPU
		{9F8E262A-20DE-4F62-8BDD-302C7E197F6B}.Debug|x86.Build.0 = Debug|Any CPU
		{9F8E262A-20DE-4F62-8BDD-302C7E197F6B}.Release|Any CPU.ActiveCfg = Release|Any CPU
		{9F8E262A-20DE-4F62-8BDD-302C7E197F6B}.Release|Any CPU.Build.0 = Release|Any CPU
		{9F8E262A-20DE-4F62-8BDD-302C7E197F6B}.Release|x64.ActiveCfg = Release|Any CPU
		{9F8E262A-20DE-4F62-8BDD-302C7E197F6B}.Release|x64.Build.0 = Release|Any CPU
		{9F8E262A-20DE-4F62-8BDD-302C7E197F6B}.Release|x86.ActiveCfg = Release|Any CPU
		{9F8E262A-20DE-4F62-8BDD-302C7E197F6B}.Release|x86.Build.0 = Release|Any CPU
		{0AAE06F7-040A-44CE-B12C-C5408E969122}.Debug|Any CPU.ActiveCfg = Debug|Any CPU
		{0AAE06F7-040A-44CE-B12C-C5408E969122}.Debug|Any CPU.Build.0 = Debug|Any CPU
		{0AAE06F7-040A-44CE-B12C-C5408E969122}.Debug|x64.ActiveCfg = Debug|Any CPU
		{0AAE06F7-040A-44CE-B12C-C5408E969122}.Debug|x64.Build.0 = Debug|Any CPU
		{0AAE06F7-040A-44CE-B12C-C5408E969122}.Debug|x86.ActiveCfg = Debug|Any CPU
		{0AAE06F7-040A-44CE-B12C-C5408E969122}.Debug|x86.Build.0 = Debug|Any CPU
		{0AAE06F7-040A-44CE-B12C-C5408E969122}.Release|Any CPU.ActiveCfg = Release|Any CPU
		{0AAE06F7-040A-44CE-B12C-C5408E969122}.Release|Any CPU.Build.0 = Release|Any CPU
		{0AAE06F7-040A-44CE-B12C-C5408E969122}.Release|x64.ActiveCfg = Release|Any CPU
		{0AAE06F7-040A-44CE-B12C-C5408E969122}.Release|x64.Build.0 = Release|Any CPU
		{0AAE06F7-040A-44CE-B12C-C5408E969122}.Release|x86.ActiveCfg = Release|Any CPU
		{0AAE06F7-040A-44CE-B12C-C5408E969122}.Release|x86.Build.0 = Release|Any CPU
		{40B9D0F6-5023-4BA8-9616-187C995788FC}.Debug|Any CPU.ActiveCfg = Debug|Any CPU
		{40B9D0F6-5023-4BA8-9616-187C995788FC}.Debug|Any CPU.Build.0 = Debug|Any CPU
		{40B9D0F6-5023-4BA8-9616-187C995788FC}.Debug|x64.ActiveCfg = Debug|Any CPU
		{40B9D0F6-5023-4BA8-9616-187C995788FC}.Debug|x64.Build.0 = Debug|Any CPU
		{40B9D0F6-5023-4BA8-9616-187C995788FC}.Debug|x86.ActiveCfg = Debug|Any CPU
		{40B9D0F6-5023-4BA8-9616-187C995788FC}.Debug|x86.Build.0 = Debug|Any CPU
		{40B9D0F6-5023-4BA8-9616-187C995788FC}.Release|Any CPU.ActiveCfg = Release|Any CPU
		{40B9D0F6-5023-4BA8-9616-187C995788FC}.Release|Any CPU.Build.0 = Release|Any CPU
		{40B9D0F6-5023-4BA8-9616-187C995788FC}.Release|x64.ActiveCfg = Release|Any CPU
		{40B9D0F6-5023-4BA8-9616-187C995788FC}.Release|x64.Build.0 = Release|Any CPU
		{40B9D0F6-5023-4BA8-9616-187C995788FC}.Release|x86.ActiveCfg = Release|Any CPU
		{40B9D0F6-5023-4BA8-9616-187C995788FC}.Release|x86.Build.0 = Release|Any CPU
		{8C2F3027-47AD-44FB-92B9-73A21B3EDC34}.Debug|Any CPU.ActiveCfg = Debug|Any CPU
		{8C2F3027-47AD-44FB-92B9-73A21B3EDC34}.Debug|Any CPU.Build.0 = Debug|Any CPU
		{8C2F3027-47AD-44FB-92B9-73A21B3EDC34}.Debug|x64.ActiveCfg = Debug|Any CPU
		{8C2F3027-47AD-44FB-92B9-73A21B3EDC34}.Debug|x64.Build.0 = Debug|Any CPU
		{8C2F3027-47AD-44FB-92B9-73A21B3EDC34}.Debug|x86.ActiveCfg = Debug|Any CPU
		{8C2F3027-47AD-44FB-92B9-73A21B3EDC34}.Debug|x86.Build.0 = Debug|Any CPU
		{8C2F3027-47AD-44FB-92B9-73A21B3EDC34}.Release|Any CPU.ActiveCfg = Release|Any CPU
		{8C2F3027-47AD-44FB-92B9-73A21B3EDC34}.Release|Any CPU.Build.0 = Release|Any CPU
		{8C2F3027-47AD-44FB-92B9-73A21B3EDC34}.Release|x64.ActiveCfg = Release|Any CPU
		{8C2F3027-47AD-44FB-92B9-73A21B3EDC34}.Release|x64.Build.0 = Release|Any CPU
		{8C2F3027-47AD-44FB-92B9-73A21B3EDC34}.Release|x86.ActiveCfg = Release|Any CPU
		{8C2F3027-47AD-44FB-92B9-73A21B3EDC34}.Release|x86.Build.0 = Release|Any CPU
		{1C80056C-0AEF-425A-A5D8-7E4CFD11346E}.Debug|Any CPU.ActiveCfg = Debug|Any CPU
		{1C80056C-0AEF-425A-A5D8-7E4CFD11346E}.Debug|Any CPU.Build.0 = Debug|Any CPU
		{1C80056C-0AEF-425A-A5D8-7E4CFD11346E}.Debug|x64.ActiveCfg = Debug|Any CPU
		{1C80056C-0AEF-425A-A5D8-7E4CFD11346E}.Debug|x64.Build.0 = Debug|Any CPU
		{1C80056C-0AEF-425A-A5D8-7E4CFD11346E}.Debug|x86.ActiveCfg = Debug|Any CPU
		{1C80056C-0AEF-425A-A5D8-7E4CFD11346E}.Debug|x86.Build.0 = Debug|Any CPU
		{1C80056C-0AEF-425A-A5D8-7E4CFD11346E}.Release|Any CPU.ActiveCfg = Release|Any CPU
		{1C80056C-0AEF-425A-A5D8-7E4CFD11346E}.Release|Any CPU.Build.0 = Release|Any CPU
		{1C80056C-0AEF-425A-A5D8-7E4CFD11346E}.Release|x64.ActiveCfg = Release|Any CPU
		{1C80056C-0AEF-425A-A5D8-7E4CFD11346E}.Release|x64.Build.0 = Release|Any CPU
		{1C80056C-0AEF-425A-A5D8-7E4CFD11346E}.Release|x86.ActiveCfg = Release|Any CPU
		{1C80056C-0AEF-425A-A5D8-7E4CFD11346E}.Release|x86.Build.0 = Release|Any CPU
		{04DCA01C-B920-4448-AF19-1BF670F498E8}.Debug|Any CPU.ActiveCfg = Debug|Any CPU
		{04DCA01C-B920-4448-AF19-1BF670F498E8}.Debug|Any CPU.Build.0 = Debug|Any CPU
		{04DCA01C-B920-4448-AF19-1BF670F498E8}.Debug|x64.ActiveCfg = Debug|Any CPU
		{04DCA01C-B920-4448-AF19-1BF670F498E8}.Debug|x64.Build.0 = Debug|Any CPU
		{04DCA01C-B920-4448-AF19-1BF670F498E8}.Debug|x86.ActiveCfg = Debug|Any CPU
		{04DCA01C-B920-4448-AF19-1BF670F498E8}.Debug|x86.Build.0 = Debug|Any CPU
		{04DCA01C-B920-4448-AF19-1BF670F498E8}.Release|Any CPU.ActiveCfg = Release|Any CPU
		{04DCA01C-B920-4448-AF19-1BF670F498E8}.Release|Any CPU.Build.0 = Release|Any CPU
		{04DCA01C-B920-4448-AF19-1BF670F498E8}.Release|x64.ActiveCfg = Release|Any CPU
		{04DCA01C-B920-4448-AF19-1BF670F498E8}.Release|x64.Build.0 = Release|Any CPU
		{04DCA01C-B920-4448-AF19-1BF670F498E8}.Release|x86.ActiveCfg = Release|Any CPU
		{04DCA01C-B920-4448-AF19-1BF670F498E8}.Release|x86.Build.0 = Release|Any CPU
		{F6799DEC-048F-4481-9342-5A5B3D574511}.Debug|Any CPU.ActiveCfg = Debug|Any CPU
		{F6799DEC-048F-4481-9342-5A5B3D574511}.Debug|Any CPU.Build.0 = Debug|Any CPU
		{F6799DEC-048F-4481-9342-5A5B3D574511}.Debug|x64.ActiveCfg = Debug|Any CPU
		{F6799DEC-048F-4481-9342-5A5B3D574511}.Debug|x64.Build.0 = Debug|Any CPU
		{F6799DEC-048F-4481-9342-5A5B3D574511}.Debug|x86.ActiveCfg = Debug|Any CPU
		{F6799DEC-048F-4481-9342-5A5B3D574511}.Debug|x86.Build.0 = Debug|Any CPU
		{F6799DEC-048F-4481-9342-5A5B3D574511}.Release|Any CPU.ActiveCfg = Release|Any CPU
		{F6799DEC-048F-4481-9342-5A5B3D574511}.Release|Any CPU.Build.0 = Release|Any CPU
		{F6799DEC-048F-4481-9342-5A5B3D574511}.Release|x64.ActiveCfg = Release|Any CPU
		{F6799DEC-048F-4481-9342-5A5B3D574511}.Release|x64.Build.0 = Release|Any CPU
		{F6799DEC-048F-4481-9342-5A5B3D574511}.Release|x86.ActiveCfg = Release|Any CPU
		{F6799DEC-048F-4481-9342-5A5B3D574511}.Release|x86.Build.0 = Release|Any CPU
	EndGlobalSection
	GlobalSection(SolutionProperties) = preSolution
		HideSolutionNode = FALSE
	EndGlobalSection
	GlobalSection(NestedProjects) = preSolution
		{330D0A7D-948A-4FBF-BE9B-2F838B66AF29} = {827E0CD3-B72D-47B6-A68D-7590B98EB39B}
		{F9930482-AA01-429F-B27F-DB434D02066D} = {827E0CD3-B72D-47B6-A68D-7590B98EB39B}
		{F4510167-09C0-6A14-BAB6-83A1F4438467} = {827E0CD3-B72D-47B6-A68D-7590B98EB39B}
		{78EB9446-33F8-412A-8B85-16419494F0C9} = {F4510167-09C0-6A14-BAB6-83A1F4438467}
		{9CABB13A-3D4A-CC9B-EDBA-B19DD981B9C7} = {827E0CD3-B72D-47B6-A68D-7590B98EB39B}
		{9F8E262A-20DE-4F62-8BDD-302C7E197F6B} = {9CABB13A-3D4A-CC9B-EDBA-B19DD981B9C7}
		{98FD9FAF-126C-9D11-5206-A1B7AB514640} = {827E0CD3-B72D-47B6-A68D-7590B98EB39B}
		{0AAE06F7-040A-44CE-B12C-C5408E969122} = {98FD9FAF-126C-9D11-5206-A1B7AB514640}
		{E0F4967E-666C-1783-2042-B8C14EA8CE08} = {827E0CD3-B72D-47B6-A68D-7590B98EB39B}
		{40B9D0F6-5023-4BA8-9616-187C995788FC} = {E0F4967E-666C-1783-2042-B8C14EA8CE08}
		{D1181D1F-BE12-034A-7049-38A796D5768F} = {827E0CD3-B72D-47B6-A68D-7590B98EB39B}
		{8C2F3027-47AD-44FB-92B9-73A21B3EDC34} = {D1181D1F-BE12-034A-7049-38A796D5768F}
		{43D4C37B-8036-46BA-B096-F68AC478CB8C} = {827E0CD3-B72D-47B6-A68D-7590B98EB39B}
		{1C80056C-0AEF-425A-A5D8-7E4CFD11346E} = {43D4C37B-8036-46BA-B096-F68AC478CB8C}
		{639DA9F0-6F86-0574-15EA-4AD4E2EE98D0} = {827E0CD3-B72D-47B6-A68D-7590B98EB39B}
		{04DCA01C-B920-4448-AF19-1BF670F498E8} = {639DA9F0-6F86-0574-15EA-4AD4E2EE98D0}
		{82DBABB3-C844-9C24-A40C-BF05893C3331} = {827E0CD3-B72D-47B6-A68D-7590B98EB39B}
		{F6799DEC-048F-4481-9342-5A5B3D574511} = {82DBABB3-C844-9C24-A40C-BF05893C3331}
	EndGlobalSection
EndGlobal
